// !$*UTF8*$!
{
	archiveVersion = 1;
	classes = {
	};
	objectVersion = 46;
	objects = {

/* Begin PBXBuildFile section */
		1E4B8F8B1A9E640F002D2CFE /* user-A1C.swift in Sources */ = {isa = PBXBuildFile; fileRef = 1E4B8F8A1A9E640F002D2CFE /* user-A1C.swift */; };
		1E58ED311A774555007C320F /* user-idTable.swift in Sources */ = {isa = PBXBuildFile; fileRef = 1E58ED301A774555007C320F /* user-idTable.swift */; };
		1E58ED331A77465C007C320F /* user-health.swift in Sources */ = {isa = PBXBuildFile; fileRef = 1E58ED321A77465C007C320F /* user-health.swift */; };
		1E7B3CBA1A89AA9100541A19 /* Facebook.swift in Sources */ = {isa = PBXBuildFile; fileRef = 1E7B3CB91A89AA9100541A19 /* Facebook.swift */; };
		1E7B3E4D1A89B0E600541A19 /* FacebookSDK.framework in Frameworks */ = {isa = PBXBuildFile; fileRef = 1E7B3E4C1A89B0E600541A19 /* FacebookSDK.framework */; };
		1E7B3E8E1A8BD06500541A19 /* AchievementsIcon.png in Resources */ = {isa = PBXBuildFile; fileRef = 1E7B3E861A8BD06500541A19 /* AchievementsIcon.png */; };
		1E7B3E901A8BD06500541A19 /* Comments.png in Resources */ = {isa = PBXBuildFile; fileRef = 1E7B3E881A8BD06500541A19 /* Comments.png */; };
		1E7B3E911A8BD06500541A19 /* EditSettings.png in Resources */ = {isa = PBXBuildFile; fileRef = 1E7B3E891A8BD06500541A19 /* EditSettings.png */; };
		1E7B3E921A8BD06500541A19 /* ExportActivityIcon.png in Resources */ = {isa = PBXBuildFile; fileRef = 1E7B3E8A1A8BD06500541A19 /* ExportActivityIcon.png */; };
		1E7B3E931A8BD06500541A19 /* GraphItIcon.png in Resources */ = {isa = PBXBuildFile; fileRef = 1E7B3E8B1A8BD06500541A19 /* GraphItIcon.png */; };
		1E7B3E941A8BD06500541A19 /* ResourcesIcon.png in Resources */ = {isa = PBXBuildFile; fileRef = 1E7B3E8C1A8BD06500541A19 /* ResourcesIcon.png */; };
		1E7B3E951A8BD06500541A19 /* SCIcon.png in Resources */ = {isa = PBXBuildFile; fileRef = 1E7B3E8D1A8BD06500541A19 /* SCIcon.png */; };
		1E7B3E971A8BD34A00541A19 /* ActivityLogIcon.png in Resources */ = {isa = PBXBuildFile; fileRef = 1E7B3E961A8BD34A00541A19 /* ActivityLogIcon.png */; };
		1EF0E5291A76C06C0089649F /* AppDelegate.swift in Sources */ = {isa = PBXBuildFile; fileRef = 1EF0E5281A76C06C0089649F /* AppDelegate.swift */; };
		1EF0E52C1A76C06C0089649F /* diaBTech_Basics.xcdatamodeld in Sources */ = {isa = PBXBuildFile; fileRef = 1EF0E52A1A76C06C0089649F /* diaBTech_Basics.xcdatamodeld */; };
		1EF0E52E1A76C06C0089649F /* ViewController.swift in Sources */ = {isa = PBXBuildFile; fileRef = 1EF0E52D1A76C06C0089649F /* ViewController.swift */; };
		1EF0E5311A76C06D0089649F /* Main.storyboard in Resources */ = {isa = PBXBuildFile; fileRef = 1EF0E52F1A76C06D0089649F /* Main.storyboard */; };
		1EF0E5331A76C06D0089649F /* Images.xcassets in Resources */ = {isa = PBXBuildFile; fileRef = 1EF0E5321A76C06D0089649F /* Images.xcassets */; };
		1EF0E5361A76C06D0089649F /* LaunchScreen.xib in Resources */ = {isa = PBXBuildFile; fileRef = 1EF0E5341A76C06D0089649F /* LaunchScreen.xib */; };
		1EF0E5421A76C06D0089649F /* diaBTech_BasicsTests.swift in Sources */ = {isa = PBXBuildFile; fileRef = 1EF0E5411A76C06D0089649F /* diaBTech_BasicsTests.swift */; };
/* End PBXBuildFile section */

/* Begin PBXContainerItemProxy section */
		1EF0E53C1A76C06D0089649F /* PBXContainerItemProxy */ = {
			isa = PBXContainerItemProxy;
			containerPortal = 1EF0E51B1A76C06C0089649F /* Project object */;
			proxyType = 1;
			remoteGlobalIDString = 1EF0E5221A76C06C0089649F;
			remoteInfo = "diaBTech-Basics";
		};
/* End PBXContainerItemProxy section */

/* Begin PBXFileReference section */
		1E4B8F8A1A9E640F002D2CFE /* user-A1C.swift */ = {isa = PBXFileReference; fileEncoding = 4; lastKnownFileType = sourcecode.swift; path = "user-A1C.swift"; sourceTree = "<group>"; };
		1E58ED301A774555007C320F /* user-idTable.swift */ = {isa = PBXFileReference; fileEncoding = 4; lastKnownFileType = sourcecode.swift; path = "user-idTable.swift"; sourceTree = "<group>"; };
		1E58ED321A77465C007C320F /* user-health.swift */ = {isa = PBXFileReference; fileEncoding = 4; lastKnownFileType = sourcecode.swift; path = "user-health.swift"; sourceTree = "<group>"; };
		1E7B3CB31A89A55F00541A19 /* Bridging-header.h */ = {isa = PBXFileReference; lastKnownFileType = sourcecode.c.h; path = "Bridging-header.h"; sourceTree = "<group>"; };
		1E7B3CB91A89AA9100541A19 /* Facebook.swift */ = {isa = PBXFileReference; fileEncoding = 4; lastKnownFileType = sourcecode.swift; path = Facebook.swift; sourceTree = "<group>"; };
		1E7B3E4C1A89B0E600541A19 /* FacebookSDK.framework */ = {isa = PBXFileReference; lastKnownFileType = wrapper.framework; name = FacebookSDK.framework; path = ../FacebookSDK/FacebookSDK.framework; sourceTree = "<group>"; };
		1E7B3E861A8BD06500541A19 /* AchievementsIcon.png */ = {isa = PBXFileReference; lastKnownFileType = image.png; name = AchievementsIcon.png; path = "../../../Dropbox/Research Docs/In-App Icons/AchievementsIcon.png"; sourceTree = "<group>"; };
		1E7B3E881A8BD06500541A19 /* Comments.png */ = {isa = PBXFileReference; lastKnownFileType = image.png; name = Comments.png; path = "../../../Dropbox/Research Docs/In-App Icons/Comments.png"; sourceTree = "<group>"; };
		1E7B3E891A8BD06500541A19 /* EditSettings.png */ = {isa = PBXFileReference; lastKnownFileType = image.png; name = EditSettings.png; path = "../../../Dropbox/Research Docs/In-App Icons/EditSettings.png"; sourceTree = "<group>"; };
		1E7B3E8A1A8BD06500541A19 /* ExportActivityIcon.png */ = {isa = PBXFileReference; lastKnownFileType = image.png; name = ExportActivityIcon.png; path = "../../../Dropbox/Research Docs/In-App Icons/ExportActivityIcon.png"; sourceTree = "<group>"; };
		1E7B3E8B1A8BD06500541A19 /* GraphItIcon.png */ = {isa = PBXFileReference; lastKnownFileType = image.png; name = GraphItIcon.png; path = "../../../Dropbox/Research Docs/In-App Icons/GraphItIcon.png"; sourceTree = "<group>"; };
		1E7B3E8C1A8BD06500541A19 /* ResourcesIcon.png */ = {isa = PBXFileReference; lastKnownFileType = image.png; name = ResourcesIcon.png; path = "../../../Dropbox/Research Docs/In-App Icons/ResourcesIcon.png"; sourceTree = "<group>"; };
		1E7B3E8D1A8BD06500541A19 /* SCIcon.png */ = {isa = PBXFileReference; lastKnownFileType = image.png; name = SCIcon.png; path = "../../../Dropbox/Research Docs/In-App Icons/SCIcon.png"; sourceTree = "<group>"; };
		1E7B3E961A8BD34A00541A19 /* ActivityLogIcon.png */ = {isa = PBXFileReference; lastKnownFileType = image.png; name = ActivityLogIcon.png; path = "../../../Dropbox/Research Docs/In-App Icons/ActivityLogIcon.png"; sourceTree = "<group>"; };
		1EF0E5231A76C06C0089649F /* diaBTech-Basics.app */ = {isa = PBXFileReference; explicitFileType = wrapper.application; includeInIndex = 0; path = "diaBTech-Basics.app"; sourceTree = BUILT_PRODUCTS_DIR; };
		1EF0E5271A76C06C0089649F /* Info.plist */ = {isa = PBXFileReference; lastKnownFileType = text.plist.xml; path = Info.plist; sourceTree = "<group>"; };
		1EF0E5281A76C06C0089649F /* AppDelegate.swift */ = {isa = PBXFileReference; lastKnownFileType = sourcecode.swift; path = AppDelegate.swift; sourceTree = "<group>"; };
		1EF0E52B1A76C06C0089649F /* diaBTech_Basics.xcdatamodel */ = {isa = PBXFileReference; lastKnownFileType = wrapper.xcdatamodel; path = diaBTech_Basics.xcdatamodel; sourceTree = "<group>"; };
		1EF0E52D1A76C06C0089649F /* ViewController.swift */ = {isa = PBXFileReference; lastKnownFileType = sourcecode.swift; path = ViewController.swift; sourceTree = "<group>"; };
		1EF0E5301A76C06D0089649F /* Base */ = {isa = PBXFileReference; lastKnownFileType = file.storyboard; name = Base; path = Base.lproj/Main.storyboard; sourceTree = "<group>"; };
		1EF0E5321A76C06D0089649F /* Images.xcassets */ = {isa = PBXFileReference; lastKnownFileType = folder.assetcatalog; path = Images.xcassets; sourceTree = "<group>"; };
		1EF0E5351A76C06D0089649F /* Base */ = {isa = PBXFileReference; lastKnownFileType = file.xib; name = Base; path = Base.lproj/LaunchScreen.xib; sourceTree = "<group>"; };
		1EF0E53B1A76C06D0089649F /* diaBTech-BasicsTests.xctest */ = {isa = PBXFileReference; explicitFileType = wrapper.cfbundle; includeInIndex = 0; path = "diaBTech-BasicsTests.xctest"; sourceTree = BUILT_PRODUCTS_DIR; };
		1EF0E5401A76C06D0089649F /* Info.plist */ = {isa = PBXFileReference; lastKnownFileType = text.plist.xml; path = Info.plist; sourceTree = "<group>"; };
		1EF0E5411A76C06D0089649F /* diaBTech_BasicsTests.swift */ = {isa = PBXFileReference; lastKnownFileType = sourcecode.swift; path = diaBTech_BasicsTests.swift; sourceTree = "<group>"; };
/* End PBXFileReference section */

/* Begin PBXFrameworksBuildPhase section */
		1EF0E5201A76C06C0089649F /* Frameworks */ = {
			isa = PBXFrameworksBuildPhase;
			buildActionMask = 2147483647;
			files = (
				1E7B3E4D1A89B0E600541A19 /* FacebookSDK.framework in Frameworks */,
			);
			runOnlyForDeploymentPostprocessing = 0;
		};
		1EF0E5381A76C06D0089649F /* Frameworks */ = {
			isa = PBXFrameworksBuildPhase;
			buildActionMask = 2147483647;
			files = (
			);
			runOnlyForDeploymentPostprocessing = 0;
		};
/* End PBXFrameworksBuildPhase section */

/* Begin PBXGroup section */
		1EF0E51A1A76C06C0089649F = {
			isa = PBXGroup;
			children = (
				1E7B3E4C1A89B0E600541A19 /* FacebookSDK.framework */,
				1EF0E5251A76C06C0089649F /* diaBTech-Basics */,
				1EF0E53E1A76C06D0089649F /* diaBTech-BasicsTests */,
				1EF0E5241A76C06C0089649F /* Products */,
			);
			sourceTree = "<group>";
		};
		1EF0E5241A76C06C0089649F /* Products */ = {
			isa = PBXGroup;
			children = (
				1EF0E5231A76C06C0089649F /* diaBTech-Basics.app */,
				1EF0E53B1A76C06D0089649F /* diaBTech-BasicsTests.xctest */,
			);
			name = Products;
			sourceTree = "<group>";
		};
		1EF0E5251A76C06C0089649F /* diaBTech-Basics */ = {
			isa = PBXGroup;
			children = (
				1E7B3E891A8BD06500541A19 /* EditSettings.png */,
				1E7B3E961A8BD34A00541A19 /* ActivityLogIcon.png */,
				1E7B3E881A8BD06500541A19 /* Comments.png */,
				1E7B3E8C1A8BD06500541A19 /* ResourcesIcon.png */,
				1E7B3E8D1A8BD06500541A19 /* SCIcon.png */,
				1E7B3E8B1A8BD06500541A19 /* GraphItIcon.png */,
				1E7B3E8A1A8BD06500541A19 /* ExportActivityIcon.png */,
				1E7B3E861A8BD06500541A19 /* AchievementsIcon.png */,
				1EF0E5281A76C06C0089649F /* AppDelegate.swift */,
				1EF0E52D1A76C06C0089649F /* ViewController.swift */,
				1EF0E52F1A76C06D0089649F /* Main.storyboard */,
				1E58ED301A774555007C320F /* user-idTable.swift */,
				1E58ED321A77465C007C320F /* user-health.swift */,
				1EF0E5321A76C06D0089649F /* Images.xcassets */,
				1EF0E5341A76C06D0089649F /* LaunchScreen.xib */,
				1EF0E52A1A76C06C0089649F /* diaBTech_Basics.xcdatamodeld */,
				1E4B8F8A1A9E640F002D2CFE /* user-A1C.swift */,
				1EF0E5261A76C06C0089649F /* Supporting Files */,
				1E7B3CB31A89A55F00541A19 /* Bridging-header.h */,
				1E7B3CB91A89AA9100541A19 /* Facebook.swift */,
			);
			path = "diaBTech-Basics";
			sourceTree = "<group>";
		};
		1EF0E5261A76C06C0089649F /* Supporting Files */ = {
			isa = PBXGroup;
			children = (
				1EF0E5271A76C06C0089649F /* Info.plist */,
			);
			name = "Supporting Files";
			sourceTree = "<group>";
		};
		1EF0E53E1A76C06D0089649F /* diaBTech-BasicsTests */ = {
			isa = PBXGroup;
			children = (
				1EF0E5411A76C06D0089649F /* diaBTech_BasicsTests.swift */,
				1EF0E53F1A76C06D0089649F /* Supporting Files */,
			);
			path = "diaBTech-BasicsTests";
			sourceTree = "<group>";
		};
		1EF0E53F1A76C06D0089649F /* Supporting Files */ = {
			isa = PBXGroup;
			children = (
				1EF0E5401A76C06D0089649F /* Info.plist */,
			);
			name = "Supporting Files";
			sourceTree = "<group>";
		};
/* End PBXGroup section */

/* Begin PBXNativeTarget section */
		1EF0E5221A76C06C0089649F /* diaBTech-Basics */ = {
			isa = PBXNativeTarget;
			buildConfigurationList = 1EF0E5451A76C06D0089649F /* Build configuration list for PBXNativeTarget "diaBTech-Basics" */;
			buildPhases = (
				1EF0E51F1A76C06C0089649F /* Sources */,
				1EF0E5201A76C06C0089649F /* Frameworks */,
				1EF0E5211A76C06C0089649F /* Resources */,
			);
			buildRules = (
			);
			dependencies = (
			);
			name = "diaBTech-Basics";
			productName = "diaBTech-Basics";
			productReference = 1EF0E5231A76C06C0089649F /* diaBTech-Basics.app */;
			productType = "com.apple.product-type.application";
		};
		1EF0E53A1A76C06D0089649F /* diaBTech-BasicsTests */ = {
			isa = PBXNativeTarget;
			buildConfigurationList = 1EF0E5481A76C06D0089649F /* Build configuration list for PBXNativeTarget "diaBTech-BasicsTests" */;
			buildPhases = (
				1EF0E5371A76C06D0089649F /* Sources */,
				1EF0E5381A76C06D0089649F /* Frameworks */,
				1EF0E5391A76C06D0089649F /* Resources */,
			);
			buildRules = (
			);
			dependencies = (
				1EF0E53D1A76C06D0089649F /* PBXTargetDependency */,
			);
			name = "diaBTech-BasicsTests";
			productName = "diaBTech-BasicsTests";
			productReference = 1EF0E53B1A76C06D0089649F /* diaBTech-BasicsTests.xctest */;
			productType = "com.apple.product-type.bundle.unit-test";
		};
/* End PBXNativeTarget section */

/* Begin PBXProject section */
		1EF0E51B1A76C06C0089649F /* Project object */ = {
			isa = PBXProject;
			attributes = {
				LastUpgradeCheck = 0610;
				ORGANIZATIONNAME = "Mercedes Streeter";
				TargetAttributes = {
					1EF0E5221A76C06C0089649F = {
						CreatedOnToolsVersion = 6.1.1;
					};
					1EF0E53A1A76C06D0089649F = {
						CreatedOnToolsVersion = 6.1.1;
						TestTargetID = 1EF0E5221A76C06C0089649F;
					};
				};
			};
			buildConfigurationList = 1EF0E51E1A76C06C0089649F /* Build configuration list for PBXProject "diaBTech-Basics" */;
			compatibilityVersion = "Xcode 3.2";
			developmentRegion = English;
			hasScannedForEncodings = 0;
			knownRegions = (
				en,
				Base,
				he,
			);
			mainGroup = 1EF0E51A1A76C06C0089649F;
			productRefGroup = 1EF0E5241A76C06C0089649F /* Products */;
			projectDirPath = "";
			projectRoot = "";
			targets = (
				1EF0E5221A76C06C0089649F /* diaBTech-Basics */,
				1EF0E53A1A76C06D0089649F /* diaBTech-BasicsTests */,
			);
		};
/* End PBXProject section */

/* Begin PBXResourcesBuildPhase section */
		1EF0E5211A76C06C0089649F /* Resources */ = {
			isa = PBXResourcesBuildPhase;
			buildActionMask = 2147483647;
			files = (
				1E7B3E971A8BD34A00541A19 /* ActivityLogIcon.png in Resources */,
				1E7B3E931A8BD06500541A19 /* GraphItIcon.png in Resources */,
				1E7B3E8E1A8BD06500541A19 /* AchievementsIcon.png in Resources */,
				1E7B3E921A8BD06500541A19 /* ExportActivityIcon.png in Resources */,
				1E7B3E951A8BD06500541A19 /* SCIcon.png in Resources */,
				1EF0E5311A76C06D0089649F /* Main.storyboard in Resources */,
				1E7B3E911A8BD06500541A19 /* EditSettings.png in Resources */,
				1EF0E5361A76C06D0089649F /* LaunchScreen.xib in Resources */,
				1EF0E5331A76C06D0089649F /* Images.xcassets in Resources */,
				1E7B3E941A8BD06500541A19 /* ResourcesIcon.png in Resources */,
				1E7B3E901A8BD06500541A19 /* Comments.png in Resources */,
			);
			runOnlyForDeploymentPostprocessing = 0;
		};
		1EF0E5391A76C06D0089649F /* Resources */ = {
			isa = PBXResourcesBuildPhase;
			buildActionMask = 2147483647;
			files = (
			);
			runOnlyForDeploymentPostprocessing = 0;
		};
/* End PBXResourcesBuildPhase section */

/* Begin PBXSourcesBuildPhase section */
		1EF0E51F1A76C06C0089649F /* Sources */ = {
			isa = PBXSourcesBuildPhase;
			buildActionMask = 2147483647;
			files = (
				1EF0E52E1A76C06C0089649F /* ViewController.swift in Sources */,
				1E7B3CBA1A89AA9100541A19 /* Facebook.swift in Sources */,
				1EF0E52C1A76C06C0089649F /* diaBTech_Basics.xcdatamodeld in Sources */,
				1E4B8F8B1A9E640F002D2CFE /* user-A1C.swift in Sources */,
				1E58ED311A774555007C320F /* user-idTable.swift in Sources */,
				1E58ED331A77465C007C320F /* user-health.swift in Sources */,
				1EF0E5291A76C06C0089649F /* AppDelegate.swift in Sources */,
			);
			runOnlyForDeploymentPostprocessing = 0;
		};
		1EF0E5371A76C06D0089649F /* Sources */ = {
			isa = PBXSourcesBuildPhase;
			buildActionMask = 2147483647;
			files = (
				1EF0E5421A76C06D0089649F /* diaBTech_BasicsTests.swift in Sources */,
			);
			runOnlyForDeploymentPostprocessing = 0;
		};
/* End PBXSourcesBuildPhase section */

/* Begin PBXTargetDependency section */
		1EF0E53D1A76C06D0089649F /* PBXTargetDependency */ = {
			isa = PBXTargetDependency;
			target = 1EF0E5221A76C06C0089649F /* diaBTech-Basics */;
			targetProxy = 1EF0E53C1A76C06D0089649F /* PBXContainerItemProxy */;
		};
/* End PBXTargetDependency section */

/* Begin PBXVariantGroup section */
		1EF0E52F1A76C06D0089649F /* Main.storyboard */ = {
			isa = PBXVariantGroup;
			children = (
				1EF0E5301A76C06D0089649F /* Base */,
			);
			name = Main.storyboard;
			sourceTree = "<group>";
		};
		1EF0E5341A76C06D0089649F /* LaunchScreen.xib */ = {
			isa = PBXVariantGroup;
			children = (
				1EF0E5351A76C06D0089649F /* Base */,
			);
			name = LaunchScreen.xib;
			sourceTree = "<group>";
		};
/* End PBXVariantGroup section */

/* Begin XCBuildConfiguration section */
		1EF0E5431A76C06D0089649F /* Debug */ = {
			isa = XCBuildConfiguration;
			buildSettings = {
				ALWAYS_SEARCH_USER_PATHS = NO;
				CLANG_CXX_LANGUAGE_STANDARD = "gnu++0x";
				CLANG_CXX_LIBRARY = "libc++";
				CLANG_ENABLE_MODULES = YES;
				CLANG_ENABLE_OBJC_ARC = YES;
				CLANG_WARN_BOOL_CONVERSION = YES;
				CLANG_WARN_CONSTANT_CONVERSION = YES;
				CLANG_WARN_DIRECT_OBJC_ISA_USAGE = YES_ERROR;
				CLANG_WARN_EMPTY_BODY = YES;
				CLANG_WARN_ENUM_CONVERSION = YES;
				CLANG_WARN_INT_CONVERSION = YES;
				CLANG_WARN_OBJC_ROOT_CLASS = YES_ERROR;
				CLANG_WARN_UNREACHABLE_CODE = YES;
				CLANG_WARN__DUPLICATE_METHOD_MATCH = YES;
				"CODE_SIGN_IDENTITY[sdk=iphoneos*]" = "iPhone Developer";
				COPY_PHASE_STRIP = NO;
				ENABLE_STRICT_OBJC_MSGSEND = YES;
				GCC_C_LANGUAGE_STANDARD = gnu99;
				GCC_DYNAMIC_NO_PIC = NO;
				GCC_OPTIMIZATION_LEVEL = 0;
				GCC_PREPROCESSOR_DEFINITIONS = (
					"DEBUG=1",
					"$(inherited)",
				);
				GCC_SYMBOLS_PRIVATE_EXTERN = NO;
				GCC_WARN_64_TO_32_BIT_CONVERSION = YES;
				GCC_WARN_ABOUT_RETURN_TYPE = YES_ERROR;
				GCC_WARN_UNDECLARED_SELECTOR = YES;
				GCC_WARN_UNINITIALIZED_AUTOS = YES_AGGRESSIVE;
				GCC_WARN_UNUSED_FUNCTION = YES;
				GCC_WARN_UNUSED_VARIABLE = YES;
				IPHONEOS_DEPLOYMENT_TARGET = 8.1;
				MTL_ENABLE_DEBUG_INFO = YES;
				ONLY_ACTIVE_ARCH = YES;
				SDKROOT = iphoneos;
				SWIFT_OPTIMIZATION_LEVEL = "-Onone";
			};
			name = Debug;
		};
		1EF0E5441A76C06D0089649F /* Release */ = {
			isa = XCBuildConfiguration;
			buildSettings = {
				ALWAYS_SEARCH_USER_PATHS = NO;
				CLANG_CXX_LANGUAGE_STANDARD = "gnu++0x";
				CLANG_CXX_LIBRARY = "libc++";
				CLANG_ENABLE_MODULES = YES;
				CLANG_ENABLE_OBJC_ARC = YES;
				CLANG_WARN_BOOL_CONVERSION = YES;
				CLANG_WARN_CONSTANT_CONVERSION = YES;
				CLANG_WARN_DIRECT_OBJC_ISA_USAGE = YES_ERROR;
				CLANG_WARN_EMPTY_BODY = YES;
				CLANG_WARN_ENUM_CONVERSION = YES;
				CLANG_WARN_INT_CONVERSION = YES;
				CLANG_WARN_OBJC_ROOT_CLASS = YES_ERROR;
				CLANG_WARN_UNREACHABLE_CODE = YES;
				CLANG_WARN__DUPLICATE_METHOD_MATCH = YES;
				"CODE_SIGN_IDENTITY[sdk=iphoneos*]" = "iPhone Developer";
				COPY_PHASE_STRIP = YES;
				ENABLE_NS_ASSERTIONS = NO;
				ENABLE_STRICT_OBJC_MSGSEND = YES;
				GCC_C_LANGUAGE_STANDARD = gnu99;
				GCC_WARN_64_TO_32_BIT_CONVERSION = YES;
				GCC_WARN_ABOUT_RETURN_TYPE = YES_ERROR;
				GCC_WARN_UNDECLARED_SELECTOR = YES;
				GCC_WARN_UNINITIALIZED_AUTOS = YES_AGGRESSIVE;
				GCC_WARN_UNUSED_FUNCTION = YES;
				GCC_WARN_UNUSED_VARIABLE = YES;
				IPHONEOS_DEPLOYMENT_TARGET = 8.1;
				MTL_ENABLE_DEBUG_INFO = NO;
				SDKROOT = iphoneos;
				VALIDATE_PRODUCT = YES;
			};
			name = Release;
		};
		1EF0E5461A76C06D0089649F /* Debug */ = {
			isa = XCBuildConfiguration;
			buildSettings = {
				ASSETCATALOG_COMPILER_APPICON_NAME = AppIcon;
				FRAMEWORK_SEARCH_PATHS = (
					"$(inherited)",
					/Users/Mercedes/Documents/FacebookSDK,
					/Users/Mercedes/Documents/FacebookSDK/FBAudienceNetwork,
				);
				INFOPLIST_FILE = "diaBTech-Basics/Info.plist";
				LD_RUNPATH_SEARCH_PATHS = "$(inherited) @executable_path/Frameworks";
				LIBRARY_SEARCH_PATHS = (
					"$(inherited)",
					/Users/Mercedes/Documents/FacebookSDK/FacebookSDK.framework/Versions/A,
				);
				PRODUCT_NAME = "$(TARGET_NAME)";
				SWIFT_OBJC_BRIDGING_HEADER = "diaBTech-Basics/Bridging-header.h";
				TARGETED_DEVICE_FAMILY = 1;
			};
			name = Debug;
		};
		1EF0E5471A76C06D0089649F /* Release */ = {
			isa = XCBuildConfiguration;
			buildSettings = {
				ASSETCATALOG_COMPILER_APPICON_NAME = AppIcon;
				FRAMEWORK_SEARCH_PATHS = (
					"$(inherited)",
					/Users/Mercedes/Documents/FacebookSDK,
					/Users/Mercedes/Documents/FacebookSDK/FBAudienceNetwork,
				);
				INFOPLIST_FILE = "diaBTech-Basics/Info.plist";
				LD_RUNPATH_SEARCH_PATHS = "$(inherited) @executable_path/Frameworks";
				LIBRARY_SEARCH_PATHS = (
					"$(inherited)",
					/Users/Mercedes/Documents/FacebookSDK/FacebookSDK.framework/Versions/A,
				);
				PRODUCT_NAME = "$(TARGET_NAME)";
				SWIFT_OBJC_BRIDGING_HEADER = "diaBTech-Basics/Bridging-header.h";
				TARGETED_DEVICE_FAMILY = 1;
			};
			name = Release;
		};
		1EF0E5491A76C06D0089649F /* Debug */ = {
			isa = XCBuildConfiguration;
			buildSettings = {
				BUNDLE_LOADER = "$(TEST_HOST)";
				FRAMEWORK_SEARCH_PATHS = (
					"$(SDKROOT)/Developer/Library/Frameworks",
					"$(inherited)",
				);
				GCC_PREPROCESSOR_DEFINITIONS = (
					"DEBUG=1",
					"$(inherited)",
				);
				INFOPLIST_FILE = "diaBTech-BasicsTests/Info.plist";
				LD_RUNPATH_SEARCH_PATHS = "$(inherited) @executable_path/Frameworks @loader_path/Frameworks";
				PRODUCT_NAME = "$(TARGET_NAME)";
				TEST_HOST = "$(BUILT_PRODUCTS_DIR)/diaBTech-Basics.app/diaBTech-Basics";
			};
			name = Debug;
		};
		1EF0E54A1A76C06D0089649F /* Release */ = {
			isa = XCBuildConfiguration;
			buildSettings = {
				BUNDLE_LOADER = "$(TEST_HOST)";
				FRAMEWORK_SEARCH_PATHS = (
					"$(SDKROOT)/Developer/Library/Frameworks",
					"$(inherited)",
				);
				INFOPLIST_FILE = "diaBTech-BasicsTests/Info.plist";
				LD_RUNPATH_SEARCH_PATHS = "$(inherited) @executable_path/Frameworks @loader_path/Frameworks";
				PRODUCT_NAME = "$(TARGET_NAME)";
				TEST_HOST = "$(BUILT_PRODUCTS_DIR)/diaBTech-Basics.app/diaBTech-Basics";
			};
			name = Release;
		};
/* End XCBuildConfiguration section */

/* Begin XCConfigurationList section */
		1EF0E51E1A76C06C0089649F /* Build configuration list for PBXProject "diaBTech-Basics" */ = {
			isa = XCConfigurationList;
			buildConfigurations = (
				1EF0E5431A76C06D0089649F /* Debug */,
				1EF0E5441A76C06D0089649F /* Release */,
			);
			defaultConfigurationIsVisible = 0;
			defaultConfigurationName = Release;
		};
		1EF0E5451A76C06D0089649F /* Build configuration list for PBXNativeTarget "diaBTech-Basics" */ = {
			isa = XCConfigurationList;
			buildConfigurations = (
				1EF0E5461A76C06D0089649F /* Debug */,
				1EF0E5471A76C06D0089649F /* Release */,
			);
			defaultConfigurationIsVisible = 0;
			defaultConfigurationName = Release;
		};
		1EF0E5481A76C06D0089649F /* Build configuration list for PBXNativeTarget "diaBTech-BasicsTests" */ = {
			isa = XCConfigurationList;
			buildConfigurations = (
				1EF0E5491A76C06D0089649F /* Debug */,
				1EF0E54A1A76C06D0089649F /* Release */,
			);
			defaultConfigurationIsVisible = 0;
			defaultConfigurationName = Release;
		};
/* End XCConfigurationList section */

/* Begin XCVersionGroup section */
		1EF0E52A1A76C06C0089649F /* diaBTech_Basics.xcdatamodeld */ = {
			isa = XCVersionGroup;
			children = (
				1EF0E52B1A76C06C0089649F /* diaBTech_Basics.xcdatamodel */,
			);
			currentVersion = 1EF0E52B1A76C06C0089649F /* diaBTech_Basics.xcdatamodel */;
			path = diaBTech_Basics.xcdatamodeld;
			sourceTree = "<group>";
			versionGroupType = wrapper.xcdatamodel;
		};
/* End XCVersionGroup section */
	};
	rootObject = 1EF0E51B1A76C06C0089649F /* Project object */;
}
